
Microsoft Visual Studio Solution File, Format Version 12.00
# Visual Studio Version 16
VisualStudioVersion = 16.0.31005.135
MinimumVisualStudioVersion = 10.0.40219.1
Project("{FAE04EC0-301F-11D3-BF4B-00C04F79EFBC}") = "CBAUITest", "CBAUITest\CBAUITest.csproj", "{AFC9A064-E75D-4CDB-AA5F-5D6D8D706DF6}"
EndProject
Global
	GlobalSection(SolutionConfigurationPlatforms) = preSolution
		Debug|Any CPU = Debug|Any CPU
		Release|Any CPU = Release|Any CPU
	EndGlobalSection
	GlobalSection(ProjectConfigurationPlatforms) = postSolution
		{AFC9A064-E75D-4CDB-AA5F-5D6D8D706DF6}.Debug|Any CPU.ActiveCfg = Debug|Any CPU
		{AFC9A064-E75D-4CDB-AA5F-5D6D8D706DF6}.Debug|Any CPU.Build.0 = Debug|Any CPU
		{AFC9A064-E75D-4CDB-AA5F-5D6D8D706DF6}.Release|Any CPU.ActiveCfg = Release|Any CPU
		{AFC9A064-E75D-4CDB-AA5F-5D6D8D706DF6}.Release|Any CPU.Build.0 = Release|Any CPU
	EndGlobalSection
	GlobalSection(SolutionProperties) = preSolution
		HideSolutionNode = FALSE
	EndGlobalSection
	GlobalSection(ExtensibilityGlobals) = postSolution
		SolutionGuid = {5FC70B0E-5A8C-4E11-8D02-9C88E07582FF}
	EndGlobalSection
EndGlobal
